// !$*UTF8*$!
{
	archiveVersion = 1;
	classes = {
	};
	objectVersion = 46;
	objects = {

/* Begin PBXBuildFile section */
		241AB1671B8A68AB003FF1B6 /* AppDelegate.swift in Sources */ = {isa = PBXBuildFile; fileRef = 241AB1661B8A68AB003FF1B6 /* AppDelegate.swift */; };
		241AB16A1B8A68AB003FF1B6 /* VirtualTourist.xcdatamodeld in Sources */ = {isa = PBXBuildFile; fileRef = 241AB1681B8A68AB003FF1B6 /* VirtualTourist.xcdatamodeld */; };
		241AB16C1B8A68AB003FF1B6 /* ViewController.swift in Sources */ = {isa = PBXBuildFile; fileRef = 241AB16B1B8A68AB003FF1B6 /* ViewController.swift */; };
		241AB16F1B8A68AB003FF1B6 /* Main.storyboard in Resources */ = {isa = PBXBuildFile; fileRef = 241AB16D1B8A68AB003FF1B6 /* Main.storyboard */; };
		241AB1711B8A68AB003FF1B6 /* Images.xcassets in Resources */ = {isa = PBXBuildFile; fileRef = 241AB1701B8A68AB003FF1B6 /* Images.xcassets */; };
		241AB1741B8A68AB003FF1B6 /* LaunchScreen.xib in Resources */ = {isa = PBXBuildFile; fileRef = 241AB1721B8A68AB003FF1B6 /* LaunchScreen.xib */; };
		241AB1801B8A68AB003FF1B6 /* VirtualTouristTests.swift in Sources */ = {isa = PBXBuildFile; fileRef = 241AB17F1B8A68AB003FF1B6 /* VirtualTouristTests.swift */; };
/* End PBXBuildFile section */

/* Begin PBXContainerItemProxy section */
		241AB17A1B8A68AB003FF1B6 /* PBXContainerItemProxy */ = {
			isa = PBXContainerItemProxy;
			containerPortal = 241AB1591B8A68AB003FF1B6 /* Project object */;
			proxyType = 1;
			remoteGlobalIDString = 241AB1601B8A68AB003FF1B6;
			remoteInfo = VirtualTourist;
		};
/* End PBXContainerItemProxy section */

/* Begin PBXFileReference section */
		241AB1611B8A68AB003FF1B6 /* VirtualTourist.app */ = {isa = PBXFileReference; explicitFileType = wrapper.application; includeInIndex = 0; path = VirtualTourist.app; sourceTree = BUILT_PRODUCTS_DIR; };
		241AB1651B8A68AB003FF1B6 /* Info.plist */ = {isa = PBXFileReference; lastKnownFileType = text.plist.xml; path = Info.plist; sourceTree = "<group>"; };
		241AB1661B8A68AB003FF1B6 /* AppDelegate.swift */ = {isa = PBXFileReference; lastKnownFileType = sourcecode.swift; path = AppDelegate.swift; sourceTree = "<group>"; };
		241AB1691B8A68AB003FF1B6 /* VirtualTourist.xcdatamodel */ = {isa = PBXFileReference; lastKnownFileType = wrapper.xcdatamodel; path = VirtualTourist.xcdatamodel; sourceTree = "<group>"; };
		241AB16B1B8A68AB003FF1B6 /* ViewController.swift */ = {isa = PBXFileReference; lastKnownFileType = sourcecode.swift; path = ViewController.swift; sourceTree = "<group>"; };
		241AB16E1B8A68AB003FF1B6 /* Base */ = {isa = PBXFileReference; lastKnownFileType = file.storyboard; name = Base; path = Base.lproj/Main.storyboard; sourceTree = "<group>"; };
		241AB1701B8A68AB003FF1B6 /* Images.xcassets */ = {isa = PBXFileReference; lastKnownFileType = folder.assetcatalog; path = Images.xcassets; sourceTree = "<group>"; };
		241AB1731B8A68AB003FF1B6 /* Base */ = {isa = PBXFileReference; lastKnownFileType = file.xib; name = Base; path = Base.lproj/LaunchScreen.xib; sourceTree = "<group>"; };
		241AB1791B8A68AB003FF1B6 /* VirtualTouristTests.xctest */ = {isa = PBXFileReference; explicitFileType = wrapper.cfbundle; includeInIndex = 0; path = VirtualTouristTests.xctest; sourceTree = BUILT_PRODUCTS_DIR; };
		241AB17E1B8A68AB003FF1B6 /* Info.plist */ = {isa = PBXFileReference; lastKnownFileType = text.plist.xml; path = Info.plist; sourceTree = "<group>"; };
		241AB17F1B8A68AB003FF1B6 /* VirtualTouristTests.swift */ = {isa = PBXFileReference; lastKnownFileType = sourcecode.swift; path = VirtualTouristTests.swift; sourceTree = "<group>"; };
/* End PBXFileReference section */

/* Begin PBXFrameworksBuildPhase section */
		241AB15E1B8A68AB003FF1B6 /* Frameworks */ = {
			isa = PBXFrameworksBuildPhase;
			buildActionMask = 2147483647;
			files = (
			);
			runOnlyForDeploymentPostprocessing = 0;
		};
		241AB1761B8A68AB003FF1B6 /* Frameworks */ = {
			isa = PBXFrameworksBuildPhase;
			buildActionMask = 2147483647;
			files = (
			);
			runOnlyForDeploymentPostprocessing = 0;
		};
/* End PBXFrameworksBuildPhase section */

/* Begin PBXGroup section */
		241AB1581B8A68AB003FF1B6 = {
			isa = PBXGroup;
			children = (
				241AB1631B8A68AB003FF1B6 /* VirtualTourist */,
				241AB17C1B8A68AB003FF1B6 /* VirtualTouristTests */,
				241AB1621B8A68AB003FF1B6 /* Products */,
			);
			sourceTree = "<group>";
		};
		241AB1621B8A68AB003FF1B6 /* Products */ = {
			isa = PBXGroup;
			children = (
				241AB1611B8A68AB003FF1B6 /* VirtualTourist.app */,
				241AB1791B8A68AB003FF1B6 /* VirtualTouristTests.xctest */,
			);
			name = Products;
			sourceTree = "<group>";
		};
		241AB1631B8A68AB003FF1B6 /* VirtualTourist */ = {
			isa = PBXGroup;
			children = (
				241AB1661B8A68AB003FF1B6 /* AppDelegate.swift */,
				241AB16B1B8A68AB003FF1B6 /* ViewController.swift */,
				241AB16D1B8A68AB003FF1B6 /* Main.storyboard */,
				241AB1701B8A68AB003FF1B6 /* Images.xcassets */,
				241AB1721B8A68AB003FF1B6 /* LaunchScreen.xib */,
				241AB1681B8A68AB003FF1B6 /* VirtualTourist.xcdatamodeld */,
				241AB1641B8A68AB003FF1B6 /* Supporting Files */,
			);
			path = VirtualTourist;
			sourceTree = "<group>";
		};
		241AB1641B8A68AB003FF1B6 /* Supporting Files */ = {
			isa = PBXGroup;
			children = (
				241AB1651B8A68AB003FF1B6 /* Info.plist */,
			);
			name = "Supporting Files";
			sourceTree = "<group>";
		};
		241AB17C1B8A68AB003FF1B6 /* VirtualTouristTests */ = {
			isa = PBXGroup;
			children = (
				241AB17F1B8A68AB003FF1B6 /* VirtualTouristTests.swift */,
				241AB17D1B8A68AB003FF1B6 /* Supporting Files */,
			);
			path = VirtualTouristTests;
			sourceTree = "<group>";
		};
		241AB17D1B8A68AB003FF1B6 /* Supporting Files */ = {
			isa = PBXGroup;
			children = (
				241AB17E1B8A68AB003FF1B6 /* Info.plist */,
			);
			name = "Supporting Files";
			sourceTree = "<group>";
		};
/* End PBXGroup section */

/* Begin PBXNativeTarget section */
		241AB1601B8A68AB003FF1B6 /* VirtualTourist */ = {
			isa = PBXNativeTarget;
			buildConfigurationList = 241AB1831B8A68AB003FF1B6 /* Build configuration list for PBXNativeTarget "VirtualTourist" */;
			buildPhases = (
				241AB15D1B8A68AB003FF1B6 /* Sources */,
				241AB15E1B8A68AB003FF1B6 /* Frameworks */,
				241AB15F1B8A68AB003FF1B6 /* Resources */,
			);
			buildRules = (
			);
			dependencies = (
			);
			name = VirtualTourist;
			productName = VirtualTourist;
			productReference = 241AB1611B8A68AB003FF1B6 /* VirtualTourist.app */;
			productType = "com.apple.product-type.application";
		};
		241AB1781B8A68AB003FF1B6 /* VirtualTouristTests */ = {
			isa = PBXNativeTarget;
			buildConfigurationList = 241AB1861B8A68AB003FF1B6 /* Build configuration list for PBXNativeTarget "VirtualTouristTests" */;
			buildPhases = (
				241AB1751B8A68AB003FF1B6 /* Sources */,
				241AB1761B8A68AB003FF1B6 /* Frameworks */,
				241AB1771B8A68AB003FF1B6 /* Resources */,
			);
			buildRules = (
			);
			dependencies = (
				241AB17B1B8A68AB003FF1B6 /* PBXTargetDependency */,
			);
			name = VirtualTouristTests;
			productName = VirtualTouristTests;
			productReference = 241AB1791B8A68AB003FF1B6 /* VirtualTouristTests.xctest */;
			productType = "com.apple.product-type.bundle.unit-test";
		};
/* End PBXNativeTarget section */

/* Begin PBXProject section */
		241AB1591B8A68AB003FF1B6 /* Project object */ = {
			isa = PBXProject;
			attributes = {
				LastUpgradeCheck = 0640;
				ORGANIZATIONNAME = "Steve Proell";
				TargetAttributes = {
					241AB1601B8A68AB003FF1B6 = {
						CreatedOnToolsVersion = 6.4;
					};
					241AB1781B8A68AB003FF1B6 = {
						CreatedOnToolsVersion = 6.4;
						TestTargetID = 241AB1601B8A68AB003FF1B6;
					};
				};
			};
			buildConfigurationList = 241AB15C1B8A68AB003FF1B6 /* Build configuration list for PBXProject "VirtualTourist" */;
			compatibilityVersion = "Xcode 3.2";
			developmentRegion = English;
			hasScannedForEncodings = 0;
			knownRegions = (
				en,
				Base,
			);
			mainGroup = 241AB1581B8A68AB003FF1B6;
			productRefGroup = 241AB1621B8A68AB003FF1B6 /* Products */;
			projectDirPath = "";
			projectRoot = "";
			targets = (
				241AB1601B8A68AB003FF1B6 /* VirtualTourist */,
				241AB1781B8A68AB003FF1B6 /* VirtualTouristTests */,
			);
		};
/* End PBXProject section */

/* Begin PBXResourcesBuildPhase section */
		241AB15F1B8A68AB003FF1B6 /* Resources */ = {
			isa = PBXResourcesBuildPhase;
			buildActionMask = 2147483647;
			files = (
				241AB16F1B8A68AB003FF1B6 /* Main.storyboard in Resources */,
				241AB1741B8A68AB003FF1B6 /* LaunchScreen.xib in Resources */,
				241AB1711B8A68AB003FF1B6 /* Images.xcassets in Resources */,
			);
			runOnlyForDeploymentPostprocessing = 0;
		};
		241AB1771B8A68AB003FF1B6 /* Resources */ = {
			isa = PBXResourcesBuildPhase;
			buildActionMask = 2147483647;
			files = (
			);
			runOnlyForDeploymentPostprocessing = 0;
		};
/* End PBXResourcesBuildPhase section */

/* Begin PBXSourcesBuildPhase section */
		241AB15D1B8A68AB003FF1B6 /* Sources */ = {
			isa = PBXSourcesBuildPhase;
			buildActionMask = 2147483647;
			files = (
				241AB16C1B8A68AB003FF1B6 /* ViewController.swift in Sources */,
				241AB16A1B8A68AB003FF1B6 /* VirtualTourist.xcdatamodeld in Sources */,
				241AB1671B8A68AB003FF1B6 /* AppDelegate.swift in Sources */,
			);
			runOnlyForDeploymentPostprocessing = 0;
		};
		241AB1751B8A68AB003FF1B6 /* Sources */ = {
			isa = PBXSourcesBuildPhase;
			buildActionMask = 2147483647;
			files = (
				241AB1801B8A68AB003FF1B6 /* VirtualTouristTests.swift in Sources */,
			);
			runOnlyForDeploymentPostprocessing = 0;
		};
/* End PBXSourcesBuildPhase section */

/* Begin PBXTargetDependency section */
		241AB17B1B8A68AB003FF1B6 /* PBXTargetDependency */ = {
			isa = PBXTargetDependency;
			target = 241AB1601B8A68AB003FF1B6 /* VirtualTourist */;
			targetProxy = 241AB17A1B8A68AB003FF1B6 /* PBXContainerItemProxy */;
		};
/* End PBXTargetDependency section */

/* Begin PBXVariantGroup section */
		241AB16D1B8A68AB003FF1B6 /* Main.storyboard */ = {
			isa = PBXVariantGroup;
			children = (
				241AB16E1B8A68AB003FF1B6 /* Base */,
			);
			name = Main.storyboard;
			sourceTree = "<group>";
		};
		241AB1721B8A68AB003FF1B6 /* LaunchScreen.xib */ = {
			isa = PBXVariantGroup;
			children = (
				241AB1731B8A68AB003FF1B6 /* Base */,
			);
			name = LaunchScreen.xib;
			sourceTree = "<group>";
		};
/* End PBXVariantGroup section */

/* Begin XCBuildConfiguration section */
		241AB1811B8A68AB003FF1B6 /* Debug */ = {
			isa = XCBuildConfiguration;
			buildSettings = {
				ALWAYS_SEARCH_USER_PATHS = NO;
				CLANG_CXX_LANGUAGE_STANDARD = "gnu++0x";
				CLANG_CXX_LIBRARY = "libc++";
				CLANG_ENABLE_MODULES = YES;
				CLANG_ENABLE_OBJC_ARC = YES;
				CLANG_WARN_BOOL_CONVERSION = YES;
				CLANG_WARN_CONSTANT_CONVERSION = YES;
				CLANG_WARN_DIRECT_OBJC_ISA_USAGE = YES_ERROR;
				CLANG_WARN_EMPTY_BODY = YES;
				CLANG_WARN_ENUM_CONVERSION = YES;
				CLANG_WARN_INT_CONVERSION = YES;
				CLANG_WARN_OBJC_ROOT_CLASS = YES_ERROR;
				CLANG_WARN_UNREACHABLE_CODE = YES;
				CLANG_WARN__DUPLICATE_METHOD_MATCH = YES;
				"CODE_SIGN_IDENTITY[sdk=iphoneos*]" = "iPhone Developer";
				COPY_PHASE_STRIP = NO;
				DEBUG_INFORMATION_FORMAT = "dwarf-with-dsym";
				ENABLE_STRICT_OBJC_MSGSEND = YES;
				GCC_C_LANGUAGE_STANDARD = gnu99;
				GCC_DYNAMIC_NO_PIC = NO;
				GCC_NO_COMMON_BLOCKS = YES;
				GCC_OPTIMIZATION_LEVEL = 0;
				GCC_PREPROCESSOR_DEFINITIONS = (
					"DEBUG=1",
					"$(inherited)",
				);
				GCC_SYMBOLS_PRIVATE_EXTERN = NO;
				GCC_WARN_64_TO_32_BIT_CONVERSION = YES;
				GCC_WARN_ABOUT_RETURN_TYPE = YES_ERROR;
				GCC_WARN_UNDECLARED_SELECTOR = YES;
				GCC_WARN_UNINITIALIZED_AUTOS = YES_AGGRESSIVE;
				GCC_WARN_UNUSED_FUNCTION = YES;
				GCC_WARN_UNUSED_VARIABLE = YES;
				IPHONEOS_DEPLOYMENT_TARGET = 8.4;
				MTL_ENABLE_DEBUG_INFO = YES;
				ONLY_ACTIVE_ARCH = YES;
				SDKROOT = iphoneos;
				SWIFT_OPTIMIZATION_LEVEL = "-Onone";
			};
			name = Debug;
		};
		241AB1821B8A68AB003FF1B6 /* Release */ = {
			isa = XCBuildConfiguration;
			buildSettings = {
				ALWAYS_SEARCH_USER_PATHS = NO;
				CLANG_CXX_LANGUAGE_STANDARD = "gnu++0x";
				CLANG_CXX_LIBRARY = "libc++";
				CLANG_ENABLE_MODULES = YES;
				CLANG_ENABLE_OBJC_ARC = YES;
				CLANG_WARN_BOOL_CONVERSION = YES;
				CLANG_WARN_CONSTANT_CONVERSION = YES;
				CLANG_WARN_DIRECT_OBJC_ISA_USAGE = YES_ERROR;
				CLANG_WARN_EMPTY_BODY = YES;
				CLANG_WARN_ENUM_CONVERSION = YES;
				CLANG_WARN_INT_CONVERSION = YES;
				CLANG_WARN_OBJC_ROOT_CLASS = YES_ERROR;
				CLANG_WARN_UNREACHABLE_CODE = YES;
				CLANG_WARN__DUPLICATE_METHOD_MATCH = YES;
				"CODE_SIGN_IDENTITY[sdk=iphoneos*]" = "iPhone Developer";
				COPY_PHASE_STRIP = NO;
				DEBUG_INFORMATION_FORMAT = "dwarf-with-dsym";
				ENABLE_NS_ASSERTIONS = NO;
				ENABLE_STRICT_OBJC_MSGSEND = YES;
				GCC_C_LANGUAGE_STANDARD = gnu99;
				GCC_NO_COMMON_BLOCKS = YES;
				GCC_WARN_64_TO_32_BIT_CONVERSION = YES;
				GCC_WARN_ABOUT_RETURN_TYPE = YES_ERROR;
				GCC_WARN_UNDECLARED_SELECTOR = YES;
				GCC_WARN_UNINITIALIZED_AUTOS = YES_AGGRESSIVE;
				GCC_WARN_UNUSED_FUNCTION = YES;
				GCC_WARN_UNUSED_VARIABLE = YES;
				IPHONEOS_DEPLOYMENT_TARGET = 8.4;
				MTL_ENABLE_DEBUG_INFO = NO;
				SDKROOT = iphoneos;
				VALIDATE_PRODUCT = YES;
			};
			name = Release;
		};
		241AB1841B8A68AB003FF1B6 /* Debug */ = {
			isa = XCBuildConfiguration;
			buildSettings = {
				ASSETCATALOG_COMPILER_APPICON_NAME = AppIcon;
				INFOPLIST_FILE = VirtualTourist/Info.plist;
				LD_RUNPATH_SEARCH_PATHS = "$(inherited) @executable_path/Frameworks";
				PRODUCT_NAME = "$(TARGET_NAME)";
			};
			name = Debug;
		};
		241AB1851B8A68AB003FF1B6 /* Release */ = {
			isa = XCBuildConfiguration;
			buildSettings = {
				ASSETCATALOG_COMPILER_APPICON_NAME = AppIcon;
				INFOPLIST_FILE = VirtualTourist/Info.plist;
				LD_RUNPATH_SEARCH_PATHS = "$(inherited) @executable_path/Frameworks";
				PRODUCT_NAME = "$(TARGET_NAME)";
			};
			name = Release;
		};
		241AB1871B8A68AB003FF1B6 /* Debug */ = {
			isa = XCBuildConfiguration;
			buildSettings = {
				BUNDLE_LOADER = "$(TEST_HOST)";
				FRAMEWORK_SEARCH_PATHS = (
					"$(SDKROOT)/Developer/Library/Frameworks",
					"$(inherited)",
				);
				GCC_PREPROCESSOR_DEFINITIONS = (
					"DEBUG=1",
					"$(inherited)",
				);
				INFOPLIST_FILE = VirtualTouristTests/Info.plist;
				LD_RUNPATH_SEARCH_PATHS = "$(inherited) @executable_path/Frameworks @loader_path/Frameworks";
				PRODUCT_NAME = "$(TARGET_NAME)";
				TEST_HOST = "$(BUILT_PRODUCTS_DIR)/VirtualTourist.app/VirtualTourist";
			};
			name = Debug;
		};
		241AB1881B8A68AB003FF1B6 /* Release */ = {
			isa = XCBuildConfiguration;
			buildSettings = {
				BUNDLE_LOADER = "$(TEST_HOST)";
				FRAMEWORK_SEARCH_PATHS = (
					"$(SDKROOT)/Developer/Library/Frameworks",
					"$(inherited)",
				);
				INFOPLIST_FILE = VirtualTouristTests/Info.plist;
				LD_RUNPATH_SEARCH_PATHS = "$(inherited) @executable_path/Frameworks @loader_path/Frameworks";
				PRODUCT_NAME = "$(TARGET_NAME)";
				TEST_HOST = "$(BUILT_PRODUCTS_DIR)/VirtualTourist.app/VirtualTourist";
			};
			name = Release;
		};
/* End XCBuildConfiguration section */

/* Begin XCConfigurationList section */
		241AB15C1B8A68AB003FF1B6 /* Build configuration list for PBXProject "VirtualTourist" */ = {
			isa = XCConfigurationList;
			buildConfigurations = (
				241AB1811B8A68AB003FF1B6 /* Debug */,
				241AB1821B8A68AB003FF1B6 /* Release */,
			);
			defaultConfigurationIsVisible = 0;
			defaultConfigurationName = Release;
		};
		241AB1831B8A68AB003FF1B6 /* Build configuration list for PBXNativeTarget "VirtualTourist" */ = {
			isa = XCConfigurationList;
			buildConfigurations = (
				241AB1841B8A68AB003FF1B6 /* Debug */,
				241AB1851B8A68AB003FF1B6 /* Release */,
			);
			defaultConfigurationIsVisible = 0;
		};
		241AB1861B8A68AB003FF1B6 /* Build configuration list for PBXNativeTarget "VirtualTouristTests" */ = {
			isa = XCConfigurationList;
			buildConfigurations = (
				241AB1871B8A68AB003FF1B6 /* Debug */,
				241AB1881B8A68AB003FF1B6 /* Release */,
			);
			defaultConfigurationIsVisible = 0;
		};
/* End XCConfigurationList section */

/* Begin XCVersionGroup section */
		241AB1681B8A68AB003FF1B6 /* VirtualTourist.xcdatamodeld */ = {
			isa = XCVersionGroup;
			children = (
				241AB1691B8A68AB003FF1B6 /* VirtualTourist.xcdatamodel */,
			);
			currentVersion = 241AB1691B8A68AB003FF1B6 /* VirtualTourist.xcdatamodel */;
			path = VirtualTourist.xcdatamodeld;
			sourceTree = "<group>";
			versionGroupType = wrapper.xcdatamodel;
		};
/* End XCVersionGroup section */
	};
	rootObject = 241AB1591B8A68AB003FF1B6 /* Project object */;
}
